// !$*UTF8*$!
{
	archiveVersion = 1;
	classes = {
	};
	objectVersion = 56;
	objects = {

/* Begin PBXBuildFile section */
		37E8A6C62A55C66000119FC5 /* SortOrderApp.swift in Sources */ = {isa = PBXBuildFile; fileRef = 37E8A6C52A55C66000119FC5 /* SortOrderApp.swift */; };
		37E8A6C82A55C66000119FC5 /* ContentView.swift in Sources */ = {isa = PBXBuildFile; fileRef = 37E8A6C72A55C66000119FC5 /* ContentView.swift */; };
		37E8A6CA2A55C66100119FC5 /* Assets.xcassets in Resources */ = {isa = PBXBuildFile; fileRef = 37E8A6C92A55C66100119FC5 /* Assets.xcassets */; };
		37E8A6CD2A55C66100119FC5 /* Preview Assets.xcassets in Resources */ = {isa = PBXBuildFile; fileRef = 37E8A6CC2A55C66100119FC5 /* Preview Assets.xcassets */; };
		37E8A6CF2A55C66100119FC5 /* Persistence.swift in Sources */ = {isa = PBXBuildFile; fileRef = 37E8A6CE2A55C66100119FC5 /* Persistence.swift */; };
		37E8A6D22A55C66100119FC5 /* SortOrder.xcdatamodeld in Sources */ = {isa = PBXBuildFile; fileRef = 37E8A6D02A55C66100119FC5 /* SortOrder.xcdatamodeld */; };
/* End PBXBuildFile section */

/* Begin PBXFileReference section */
		37E8A6C22A55C66000119FC5 /* SortOrder.app */ = {isa = PBXFileReference; explicitFileType = wrapper.application; includeInIndex = 0; path = SortOrder.app; sourceTree = BUILT_PRODUCTS_DIR; };
		37E8A6C52A55C66000119FC5 /* SortOrderApp.swift */ = {isa = PBXFileReference; lastKnownFileType = sourcecode.swift; path = SortOrderApp.swift; sourceTree = "<group>"; };
		37E8A6C72A55C66000119FC5 /* ContentView.swift */ = {isa = PBXFileReference; lastKnownFileType = sourcecode.swift; path = ContentView.swift; sourceTree = "<group>"; };
		37E8A6C92A55C66100119FC5 /* Assets.xcassets */ = {isa = PBXFileReference; lastKnownFileType = folder.assetcatalog; path = Assets.xcassets; sourceTree = "<group>"; };
		37E8A6CC2A55C66100119FC5 /* Preview Assets.xcassets */ = {isa = PBXFileReference; lastKnownFileType = folder.assetcatalog; path = "Preview Assets.xcassets"; sourceTree = "<group>"; };
		37E8A6CE2A55C66100119FC5 /* Persistence.swift */ = {isa = PBXFileReference; lastKnownFileType = sourcecode.swift; path = Persistence.swift; sourceTree = "<group>"; };
		37E8A6D12A55C66100119FC5 /* SortOrder.xcdatamodel */ = {isa = PBXFileReference; lastKnownFileType = wrapper.xcdatamodel; path = SortOrder.xcdatamodel; sourceTree = "<group>"; };
		37E8A6D32A55C66100119FC5 /* SortOrder.entitlements */ = {isa = PBXFileReference; lastKnownFileType = text.plist.entitlements; path = SortOrder.entitlements; sourceTree = "<group>"; };
/* End PBXFileReference section */

/* Begin PBXFrameworksBuildPhase section */
		37E8A6BF2A55C66000119FC5 /* Frameworks */ = {
			isa = PBXFrameworksBuildPhase;
			buildActionMask = 2147483647;
			files = (
			);
			runOnlyForDeploymentPostprocessing = 0;
		};
/* End PBXFrameworksBuildPhase section */

/* Begin PBXGroup section */
		37E8A6B92A55C66000119FC5 = {
			isa = PBXGroup;
			children = (
				37E8A6C42A55C66000119FC5 /* SortOrder */,
				37E8A6C32A55C66000119FC5 /* Products */,
			);
			sourceTree = "<group>";
		};
		37E8A6C32A55C66000119FC5 /* Products */ = {
			isa = PBXGroup;
			children = (
				37E8A6C22A55C66000119FC5 /* SortOrder.app */,
			);
			name = Products;
			sourceTree = "<group>";
		};
		37E8A6C42A55C66000119FC5 /* SortOrder */ = {
			isa = PBXGroup;
			children = (
				37E8A6C52A55C66000119FC5 /* SortOrderApp.swift */,
				37E8A6C72A55C66000119FC5 /* ContentView.swift */,
				37E8A6C92A55C66100119FC5 /* Assets.xcassets */,
				37E8A6CE2A55C66100119FC5 /* Persistence.swift */,
				37E8A6D32A55C66100119FC5 /* SortOrder.entitlements */,
				37E8A6D02A55C66100119FC5 /* SortOrder.xcdatamodeld */,
				37E8A6CB2A55C66100119FC5 /* Preview Content */,
			);
			path = SortOrder;
			sourceTree = "<group>";
		};
		37E8A6CB2A55C66100119FC5 /* Preview Content */ = {
			isa = PBXGroup;
			children = (
				37E8A6CC2A55C66100119FC5 /* Preview Assets.xcassets */,
			);
			path = "Preview Content";
			sourceTree = "<group>";
		};
/* End PBXGroup section */

/* Begin PBXNativeTarget section */
		37E8A6C12A55C66000119FC5 /* SortOrder */ = {
			isa = PBXNativeTarget;
			buildConfigurationList = 37E8A6D62A55C66100119FC5 /* Build configuration list for PBXNativeTarget "SortOrder" */;
			buildPhases = (
				37E8A6BE2A55C66000119FC5 /* Sources */,
				37E8A6BF2A55C66000119FC5 /* Frameworks */,
				37E8A6C02A55C66000119FC5 /* Resources */,
			);
			buildRules = (
			);
			dependencies = (
			);
			name = SortOrder;
			productName = SortOrder;
			productReference = 37E8A6C22A55C66000119FC5 /* SortOrder.app */;
			productType = "com.apple.product-type.application";
		};
/* End PBXNativeTarget section */

/* Begin PBXProject section */
		37E8A6BA2A55C66000119FC5 /* Project object */ = {
			isa = PBXProject;
			attributes = {
				BuildIndependentTargetsInParallel = 1;
				LastSwiftUpdateCheck = 1430;
				LastUpgradeCheck = 1430;
				TargetAttributes = {
					37E8A6C12A55C66000119FC5 = {
						CreatedOnToolsVersion = 14.3;
					};
				};
			};
			buildConfigurationList = 37E8A6BD2A55C66000119FC5 /* Build configuration list for PBXProject "SortOrder" */;
			compatibilityVersion = "Xcode 14.0";
			developmentRegion = en;
			hasScannedForEncodings = 0;
			knownRegions = (
				en,
				Base,
			);
			mainGroup = 37E8A6B92A55C66000119FC5;
			productRefGroup = 37E8A6C32A55C66000119FC5 /* Products */;
			projectDirPath = "";
			projectRoot = "";
			targets = (
				37E8A6C12A55C66000119FC5 /* SortOrder */,
			);
		};
/* End PBXProject section */

/* Begin PBXResourcesBuildPhase section */
		37E8A6C02A55C66000119FC5 /* Resources */ = {
			isa = PBXResourcesBuildPhase;
			buildActionMask = 2147483647;
			files = (
				37E8A6CD2A55C66100119FC5 /* Preview Assets.xcassets in Resources */,
				37E8A6CA2A55C66100119FC5 /* Assets.xcassets in Resources */,
			);
			runOnlyForDeploymentPostprocessing = 0;
		};
/* End PBXResourcesBuildPhase section */

/* Begin PBXSourcesBuildPhase section */
		37E8A6BE2A55C66000119FC5 /* Sources */ = {
			isa = PBXSourcesBuildPhase;
			buildActionMask = 2147483647;
			files = (
				37E8A6CF2A55C66100119FC5 /* Persistence.swift in Sources */,
				37E8A6C82A55C66000119FC5 /* ContentView.swift in Sources */,
				37E8A6D22A55C66100119FC5 /* SortOrder.xcdatamodeld in Sources */,
				37E8A6C62A55C66000119FC5 /* SortOrderApp.swift in Sources */,
			);
			runOnlyForDeploymentPostprocessing = 0;
		};
/* End PBXSourcesBuildPhase section */

/* Begin XCBuildConfiguration section */
		37E8A6D42A55C66100119FC5 /* Debug */ = {
			isa = XCBuildConfiguration;
			buildSettings = {
				ALWAYS_SEARCH_USER_PATHS = NO;
				CLANG_ANALYZER_NONNULL = YES;
				CLANG_ANALYZER_NUMBER_OBJECT_CONVERSION = YES_AGGRESSIVE;
				CLANG_CXX_LANGUAGE_STANDARD = "gnu++20";
				CLANG_ENABLE_MODULES = YES;
				CLANG_ENABLE_OBJC_ARC = YES;
				CLANG_ENABLE_OBJC_WEAK = YES;
				CLANG_WARN_BLOCK_CAPTURE_AUTORELEASING = YES;
				CLANG_WARN_BOOL_CONVERSION = YES;
				CLANG_WARN_COMMA = YES;
				CLANG_WARN_CONSTANT_CONVERSION = YES;
				CLANG_WARN_DEPRECATED_OBJC_IMPLEMENTATIONS = YES;
				CLANG_WARN_DIRECT_OBJC_ISA_USAGE = YES_ERROR;
				CLANG_WARN_DOCUMENTATION_COMMENTS = YES;
				CLANG_WARN_EMPTY_BODY = YES;
				CLANG_WARN_ENUM_CONVERSION = YES;
				CLANG_WARN_INFINITE_RECURSION = YES;
				CLANG_WARN_INT_CONVERSION = YES;
				CLANG_WARN_NON_LITERAL_NULL_CONVERSION = YES;
				CLANG_WARN_OBJC_IMPLICIT_RETAIN_SELF = YES;
				CLANG_WARN_OBJC_LITERAL_CONVERSION = YES;
				CLANG_WARN_OBJC_ROOT_CLASS = YES_ERROR;
				CLANG_WARN_QUOTED_INCLUDE_IN_FRAMEWORK_HEADER = YES;
				CLANG_WARN_RANGE_LOOP_ANALYSIS = YES;
				CLANG_WARN_STRICT_PROTOTYPES = YES;
				CLANG_WARN_SUSPICIOUS_MOVE = YES;
				CLANG_WARN_UNGUARDED_AVAILABILITY = YES_AGGRESSIVE;
				CLANG_WARN_UNREACHABLE_CODE = YES;
				CLANG_WARN__DUPLICATE_METHOD_MATCH = YES;
				COPY_PHASE_STRIP = NO;
				DEBUG_INFORMATION_FORMAT = dwarf;
				ENABLE_STRICT_OBJC_MSGSEND = YES;
				ENABLE_TESTABILITY = YES;
				GCC_C_LANGUAGE_STANDARD = gnu11;
				GCC_DYNAMIC_NO_PIC = NO;
				GCC_NO_COMMON_BLOCKS = YES;
				GCC_OPTIMIZATION_LEVEL = 0;
				GCC_PREPROCESSOR_DEFINITIONS = (
					"DEBUG=1",
					"$(inherited)",
				);
				GCC_WARN_64_TO_32_BIT_CONVERSION = YES;
				GCC_WARN_ABOUT_RETURN_TYPE = YES_ERROR;
				GCC_WARN_UNDECLARED_SELECTOR = YES;
				GCC_WARN_UNINITIALIZED_AUTOS = YES_AGGRESSIVE;
				GCC_WARN_UNUSED_FUNCTION = YES;
				GCC_WARN_UNUSED_VARIABLE = YES;
				MACOSX_DEPLOYMENT_TARGET = 13.2;
				MTL_ENABLE_DEBUG_INFO = INCLUDE_SOURCE;
				MTL_FAST_MATH = YES;
				ONLY_ACTIVE_ARCH = YES;
				SDKROOT = macosx;
				SWIFT_ACTIVE_COMPILATION_CONDITIONS = DEBUG;
				SWIFT_OPTIMIZATION_LEVEL = "-Onone";
			};
			name = Debug;
		};
		37E8A6D52A55C66100119FC5 /* Release */ = {
			isa = XCBuildConfiguration;
			buildSettings = {
				ALWAYS_SEARCH_USER_PATHS = NO;
				CLANG_ANALYZER_NONNULL = YES;
				CLANG_ANALYZER_NUMBER_OBJECT_CONVERSION = YES_AGGRESSIVE;
				CLANG_CXX_LANGUAGE_STANDARD = "gnu++20";
				CLANG_ENABLE_MODULES = YES;
				CLANG_ENABLE_OBJC_ARC = YES;
				CLANG_ENABLE_OBJC_WEAK = YES;
				CLANG_WARN_BLOCK_CAPTURE_AUTORELEASING = YES;
				CLANG_WARN_BOOL_CONVERSION = YES;
				CLANG_WARN_COMMA = YES;
				CLANG_WARN_CONSTANT_CONVERSION = YES;
				CLANG_WARN_DEPRECATED_OBJC_IMPLEMENTATIONS = YES;
				CLANG_WARN_DIRECT_OBJC_ISA_USAGE = YES_ERROR;
				CLANG_WARN_DOCUMENTATION_COMMENTS = YES;
				CLANG_WARN_EMPTY_BODY = YES;
				CLANG_WARN_ENUM_CONVERSION = YES;
				CLANG_WARN_INFINITE_RECURSION = YES;
				CLANG_WARN_INT_CONVERSION = YES;
				CLANG_WARN_NON_LITERAL_NULL_CONVERSION = YES;
				CLANG_WARN_OBJC_IMPLICIT_RETAIN_SELF = YES;
				CLANG_WARN_OBJC_LITERAL_CONVERSION = YES;
				CLANG_WARN_OBJC_ROOT_CLASS = YES_ERROR;
				CLANG_WARN_QUOTED_INCLUDE_IN_FRAMEWORK_HEADER = YES;
				CLANG_WARN_RANGE_LOOP_ANALYSIS = YES;
				CLANG_WARN_STRICT_PROTOTYPES = YES;
				CLANG_WARN_SUSPICIOUS_MOVE = YES;
				CLANG_WARN_UNGUARDED_AVAILABILITY = YES_AGGRESSIVE;
				CLANG_WARN_UNREACHABLE_CODE = YES;
				CLANG_WARN__DUPLICATE_METHOD_MATCH = YES;
				COPY_PHASE_STRIP = NO;
				DEBUG_INFORMATION_FORMAT = "dwarf-with-dsym";
				ENABLE_NS_ASSERTIONS = NO;
				ENABLE_STRICT_OBJC_MSGSEND = YES;
				GCC_C_LANGUAGE_STANDARD = gnu11;
				GCC_NO_COMMON_BLOCKS = YES;
				GCC_WARN_64_TO_32_BIT_CONVERSION = YES;
				GCC_WARN_ABOUT_RETURN_TYPE = YES_ERROR;
				GCC_WARN_UNDECLARED_SELECTOR = YES;
				GCC_WARN_UNINITIALIZED_AUTOS = YES_AGGRESSIVE;
				GCC_WARN_UNUSED_FUNCTION = YES;
				GCC_WARN_UNUSED_VARIABLE = YES;
				MACOSX_DEPLOYMENT_TARGET = 13.2;
				MTL_ENABLE_DEBUG_INFO = NO;
				MTL_FAST_MATH = YES;
				SDKROOT = macosx;
				SWIFT_COMPILATION_MODE = wholemodule;
				SWIFT_OPTIMIZATION_LEVEL = "-O";
			};
			name = Release;
		};
		37E8A6D72A55C66100119FC5 /* Debug */ = {
			isa = XCBuildConfiguration;
			buildSettings = {
				ASSETCATALOG_COMPILER_APPICON_NAME = AppIcon;
				ASSETCATALOG_COMPILER_GLOBAL_ACCENT_COLOR_NAME = AccentColor;
				CODE_SIGN_ENTITLEMENTS = SortOrder/SortOrder.entitlements;
				CODE_SIGN_STYLE = Automatic;
				COMBINE_HIDPI_IMAGES = YES;
				CURRENT_PROJECT_VERSION = 1;
				DEVELOPMENT_ASSET_PATHS = "\"SortOrder/Preview Content\"";
				DEVELOPMENT_TEAM = LM9Z6Y34YG;
				ENABLE_HARDENED_RUNTIME = YES;
				ENABLE_PREVIEWS = YES;
				GENERATE_INFOPLIST_FILE = YES;
				INFOPLIST_KEY_NSHumanReadableCopyright = "";
				LD_RUNPATH_SEARCH_PATHS = (
					"$(inherited)",
					"@executable_path/../Frameworks",
				);
				MARKETING_VERSION = 1.0;
				PRODUCT_BUNDLE_IDENTIFIER = quest.slowerlearner.SortOrder;
				PRODUCT_NAME = "$(TARGET_NAME)";
				SWIFT_EMIT_LOC_STRINGS = YES;
				SWIFT_VERSION = 5.0;
			};
			name = Debug;
		};
		37E8A6D82A55C66100119FC5 /* Release */ = {
			isa = XCBuildConfiguration;
			buildSettings = {
				ASSETCATALOG_COMPILER_APPICON_NAME = AppIcon;
				ASSETCATALOG_COMPILER_GLOBAL_ACCENT_COLOR_NAME = AccentColor;
				CODE_SIGN_ENTITLEMENTS = SortOrder/SortOrder.entitlements;
				CODE_SIGN_STYLE = Automatic;
				COMBINE_HIDPI_IMAGES = YES;
				CURRENT_PROJECT_VERSION = 1;
				DEVELOPMENT_ASSET_PATHS = "\"SortOrder/Preview Content\"";
				DEVELOPMENT_TEAM = LM9Z6Y34YG;
				ENABLE_HARDENED_RUNTIME = YES;
				ENABLE_PREVIEWS = YES;
				GENERATE_INFOPLIST_FILE = YES;
				INFOPLIST_KEY_NSHumanReadableCopyright = "";
				LD_RUNPATH_SEARCH_PATHS = (
					"$(inherited)",
					"@executable_path/../Frameworks",
				);
				MARKETING_VERSION = 1.0;
				PRODUCT_BUNDLE_IDENTIFIER = quest.slowerlearner.SortOrder;
				PRODUCT_NAME = "$(TARGET_NAME)";
				SWIFT_EMIT_LOC_STRINGS = YES;
				SWIFT_VERSION = 5.0;
			};
			name = Release;
		};
/* End XCBuildConfiguration section */

/* Begin XCConfigurationList section */
		37E8A6BD2A55C66000119FC5 /* Build configuration list for PBXProject "SortOrder" */ = {
			isa = XCConfigurationList;
			buildConfigurations = (
				37E8A6D42A55C66100119FC5 /* Debug */,
				37E8A6D52A55C66100119FC5 /* Release */,
			);
			defaultConfigurationIsVisible = 0;
			defaultConfigurationName = Release;
		};
		37E8A6D62A55C66100119FC5 /* Build configuration list for PBXNativeTarget "SortOrder" */ = {
			isa = XCConfigurationList;
			buildConfigurations = (
				37E8A6D72A55C66100119FC5 /* Debug */,
				37E8A6D82A55C66100119FC5 /* Release */,
			);
			defaultConfigurationIsVisible = 0;
			defaultConfigurationName = Release;
		};
/* End XCConfigurationList section */

/* Begin XCVersionGroup section */
		37E8A6D02A55C66100119FC5 /* SortOrder.xcdatamodeld */ = {
			isa = XCVersionGroup;
			children = (
				37E8A6D12A55C66100119FC5 /* SortOrder.xcdatamodel */,
			);
			currentVersion = 37E8A6D12A55C66100119FC5 /* SortOrder.xcdatamodel */;
			path = SortOrder.xcdatamodeld;
			sourceTree = "<group>";
			versionGroupType = wrapper.xcdatamodel;
		};
/* End XCVersionGroup section */
	};
	rootObject = 37E8A6BA2A55C66000119FC5 /* Project object */;
}
